PODS:
  - Alamofire (4.8.2)
  - PKHUD (5.2.1)
  - SDWebImage (4.4.7):
    - SDWebImage/Core (= 4.4.7)
  - SDWebImage/Core (4.4.7)

DEPENDENCIES:
  - Alamofire (~> 4.0)
  - PKHUD (~> 5.0)
  - SDWebImage (~> 4.0)

SPEC REPOS:
  https://github.com/cocoapods/specs.git:
    - Alamofire
    - PKHUD
    - SDWebImage

SPEC CHECKSUMS:
  Alamofire: ae5c501addb7afdbb13687d7f2f722c78734c2d3
  PKHUD: 4e6162c4c39ac367c6934e9855c6b4762ee16256
  SDWebImage: c10d14a8883ebd89664f02a422006f66a85c0c5d

PODFILE CHECKSUM: 2ab363ecd5770564cb918206df143208ae7c9bb9

COCOAPODS: 1.6.1
