// !$*UTF8*$!
{
	archiveVersion = 1;
	classes = {
	};
	objectVersion = 50;
	objects = {

/* Begin PBXBuildFile section */
		B5DD5BE4FF9396A43E237A7E /* Pods_TestPOC.framework in Frameworks */ = {isa = PBXBuildFile; fileRef = 09B887B5205C3A83796EE2BA /* Pods_TestPOC.framework */; };
		E16DBEB1229676CB000B0721 /* TestPOCTests.swift in Sources */ = {isa = PBXBuildFile; fileRef = E16DBEB0229676CB000B0721 /* TestPOCTests.swift */; };
		E16DBEBB229681F3000B0721 /* FactsList.swift in Sources */ = {isa = PBXBuildFile; fileRef = E16DBEBA229681F3000B0721 /* FactsList.swift */; };
		E16DBEBD2296A19F000B0721 /* Reachability.swift in Sources */ = {isa = PBXBuildFile; fileRef = E16DBEBC2296A19F000B0721 /* Reachability.swift */; };
		E1780486229595AE002DD7B4 /* AppDelegate.swift in Sources */ = {isa = PBXBuildFile; fileRef = E1780485229595AE002DD7B4 /* AppDelegate.swift */; };
		E178048B229595AE002DD7B4 /* Main.storyboard in Resources */ = {isa = PBXBuildFile; fileRef = E1780489229595AE002DD7B4 /* Main.storyboard */; };
		E178048D229595AF002DD7B4 /* Assets.xcassets in Resources */ = {isa = PBXBuildFile; fileRef = E178048C229595AF002DD7B4 /* Assets.xcassets */; };
		E1780490229595AF002DD7B4 /* LaunchScreen.storyboard in Resources */ = {isa = PBXBuildFile; fileRef = E178048E229595AF002DD7B4 /* LaunchScreen.storyboard */; };
		E182EF6622959DB30015020F /* FactsViewController.swift in Sources */ = {isa = PBXBuildFile; fileRef = E182EF6522959DB30015020F /* FactsViewController.swift */; };
		E182EF6822959F370015020F /* FactsListTableViewCell.swift in Sources */ = {isa = PBXBuildFile; fileRef = E182EF6722959F370015020F /* FactsListTableViewCell.swift */; };
		E182EF6B2295C8890015020F /* FactsDetailViewController.swift in Sources */ = {isa = PBXBuildFile; fileRef = E182EF6A2295C8890015020F /* FactsDetailViewController.swift */; };
/* End PBXBuildFile section */

/* Begin PBXContainerItemProxy section */
		E16DBEB3229676CC000B0721 /* PBXContainerItemProxy */ = {
			isa = PBXContainerItemProxy;
			containerPortal = E178047A229595AE002DD7B4 /* Project object */;
			proxyType = 1;
			remoteGlobalIDString = E1780481229595AE002DD7B4;
			remoteInfo = TestPOC;
		};
/* End PBXContainerItemProxy section */

/* Begin PBXFileReference section */
		09B887B5205C3A83796EE2BA /* Pods_TestPOC.framework */ = {isa = PBXFileReference; explicitFileType = wrapper.framework; includeInIndex = 0; path = Pods_TestPOC.framework; sourceTree = BUILT_PRODUCTS_DIR; };
		636DF60B7A508E3E904C9A8A /* Pods-TestPOC.debug.xcconfig */ = {isa = PBXFileReference; includeInIndex = 1; lastKnownFileType = text.xcconfig; name = "Pods-TestPOC.debug.xcconfig"; path = "Target Support Files/Pods-TestPOC/Pods-TestPOC.debug.xcconfig"; sourceTree = "<group>"; };
		C95F2AF4C57B93551415C4C7 /* Pods-TestPOC.release.xcconfig */ = {isa = PBXFileReference; includeInIndex = 1; lastKnownFileType = text.xcconfig; name = "Pods-TestPOC.release.xcconfig"; path = "Target Support Files/Pods-TestPOC/Pods-TestPOC.release.xcconfig"; sourceTree = "<group>"; };
		E16DBEAE229676CB000B0721 /* TestPOCTests.xctest */ = {isa = PBXFileReference; explicitFileType = wrapper.cfbundle; includeInIndex = 0; path = TestPOCTests.xctest; sourceTree = BUILT_PRODUCTS_DIR; };
		E16DBEB0229676CB000B0721 /* TestPOCTests.swift */ = {isa = PBXFileReference; lastKnownFileType = sourcecode.swift; path = TestPOCTests.swift; sourceTree = "<group>"; };
		E16DBEB2229676CC000B0721 /* Info.plist */ = {isa = PBXFileReference; lastKnownFileType = text.plist.xml; path = Info.plist; sourceTree = "<group>"; };
		E16DBEBA229681F3000B0721 /* FactsList.swift */ = {isa = PBXFileReference; lastKnownFileType = sourcecode.swift; path = FactsList.swift; sourceTree = "<group>"; };
		E16DBEBC2296A19F000B0721 /* Reachability.swift */ = {isa = PBXFileReference; lastKnownFileType = sourcecode.swift; path = Reachability.swift; sourceTree = "<group>"; };
		E1780482229595AE002DD7B4 /* TestPOC.app */ = {isa = PBXFileReference; explicitFileType = wrapper.application; includeInIndex = 0; path = TestPOC.app; sourceTree = BUILT_PRODUCTS_DIR; };
		E1780485229595AE002DD7B4 /* AppDelegate.swift */ = {isa = PBXFileReference; lastKnownFileType = sourcecode.swift; path = AppDelegate.swift; sourceTree = "<group>"; };
		E178048A229595AE002DD7B4 /* Base */ = {isa = PBXFileReference; lastKnownFileType = file.storyboard; name = Base; path = Base.lproj/Main.storyboard; sourceTree = "<group>"; };
		E178048C229595AF002DD7B4 /* Assets.xcassets */ = {isa = PBXFileReference; lastKnownFileType = folder.assetcatalog; path = Assets.xcassets; sourceTree = "<group>"; };
		E178048F229595AF002DD7B4 /* Base */ = {isa = PBXFileReference; lastKnownFileType = file.storyboard; name = Base; path = Base.lproj/LaunchScreen.storyboard; sourceTree = "<group>"; };
		E1780491229595AF002DD7B4 /* Info.plist */ = {isa = PBXFileReference; lastKnownFileType = text.plist.xml; path = Info.plist; sourceTree = "<group>"; };
		E182EF6522959DB30015020F /* FactsViewController.swift */ = {isa = PBXFileReference; lastKnownFileType = sourcecode.swift; path = FactsViewController.swift; sourceTree = "<group>"; };
		E182EF6722959F370015020F /* FactsListTableViewCell.swift */ = {isa = PBXFileReference; lastKnownFileType = sourcecode.swift; path = FactsListTableViewCell.swift; sourceTree = "<group>"; };
		E182EF6A2295C8890015020F /* FactsDetailViewController.swift */ = {isa = PBXFileReference; lastKnownFileType = sourcecode.swift; path = FactsDetailViewController.swift; sourceTree = "<group>"; };
/* End PBXFileReference section */

/* Begin PBXFrameworksBuildPhase section */
		E16DBEAB229676CB000B0721 /* Frameworks */ = {
			isa = PBXFrameworksBuildPhase;
			buildActionMask = 2147483647;
			files = (
			);
			runOnlyForDeploymentPostprocessing = 0;
		};
		E178047F229595AE002DD7B4 /* Frameworks */ = {
			isa = PBXFrameworksBuildPhase;
			buildActionMask = 2147483647;
			files = (
				B5DD5BE4FF9396A43E237A7E /* Pods_TestPOC.framework in Frameworks */,
			);
			runOnlyForDeploymentPostprocessing = 0;
		};
/* End PBXFrameworksBuildPhase section */

/* Begin PBXGroup section */
		4A43E687FF9B3EFDD6144C67 /* Frameworks */ = {
			isa = PBXGroup;
			children = (
				09B887B5205C3A83796EE2BA /* Pods_TestPOC.framework */,
			);
			name = Frameworks;
			sourceTree = "<group>";
		};
		ABB491A1D33A222C441D57E8 /* Pods */ = {
			isa = PBXGroup;
			children = (
				636DF60B7A508E3E904C9A8A /* Pods-TestPOC.debug.xcconfig */,
				C95F2AF4C57B93551415C4C7 /* Pods-TestPOC.release.xcconfig */,
			);
			path = Pods;
			sourceTree = "<group>";
		};
		E16DBEAF229676CB000B0721 /* TestPOCTests */ = {
			isa = PBXGroup;
			children = (
				E16DBEB0229676CB000B0721 /* TestPOCTests.swift */,
				E16DBEB2229676CC000B0721 /* Info.plist */,
			);
			path = TestPOCTests;
			sourceTree = "<group>";
		};
		E1780479229595AE002DD7B4 = {
			isa = PBXGroup;
			children = (
				E1780484229595AE002DD7B4 /* TestPOC */,
				E16DBEAF229676CB000B0721 /* TestPOCTests */,
				E1780483229595AE002DD7B4 /* Products */,
				ABB491A1D33A222C441D57E8 /* Pods */,
				4A43E687FF9B3EFDD6144C67 /* Frameworks */,
			);
			sourceTree = "<group>";
		};
		E1780483229595AE002DD7B4 /* Products */ = {
			isa = PBXGroup;
			children = (
				E1780482229595AE002DD7B4 /* TestPOC.app */,
				E16DBEAE229676CB000B0721 /* TestPOCTests.xctest */,
			);
			name = Products;
			sourceTree = "<group>";
		};
		E1780484229595AE002DD7B4 /* TestPOC */ = {
			isa = PBXGroup;
			children = (
				E182EF6422959D8A0015020F /* Views */,
				E182EF6322959D850015020F /* Models */,
				E182EF6222959D770015020F /* ViewControllers */,
				E1780485229595AE002DD7B4 /* AppDelegate.swift */,
				E16DBEBC2296A19F000B0721 /* Reachability.swift */,
				E178048C229595AF002DD7B4 /* Assets.xcassets */,
				E178048E229595AF002DD7B4 /* LaunchScreen.storyboard */,
				E1780491229595AF002DD7B4 /* Info.plist */,
			);
			path = TestPOC;
			sourceTree = "<group>";
		};
		E182EF6222959D770015020F /* ViewControllers */ = {
			isa = PBXGroup;
			children = (
				E182EF6522959DB30015020F /* FactsViewController.swift */,
				E182EF6A2295C8890015020F /* FactsDetailViewController.swift */,
			);
			path = ViewControllers;
			sourceTree = "<group>";
		};
		E182EF6322959D850015020F /* Models */ = {
			isa = PBXGroup;
			children = (
				E16DBEBA229681F3000B0721 /* FactsList.swift */,
			);
			path = Models;
			sourceTree = "<group>";
		};
		E182EF6422959D8A0015020F /* Views */ = {
			isa = PBXGroup;
			children = (
				E1780489229595AE002DD7B4 /* Main.storyboard */,
				E182EF6722959F370015020F /* FactsListTableViewCell.swift */,
			);
			path = Views;
			sourceTree = "<group>";
		};
/* End PBXGroup section */

/* Begin PBXNativeTarget section */
		E16DBEAD229676CB000B0721 /* TestPOCTests */ = {
			isa = PBXNativeTarget;
			buildConfigurationList = E16DBEB5229676CC000B0721 /* Build configuration list for PBXNativeTarget "TestPOCTests" */;
			buildPhases = (
				E16DBEAA229676CB000B0721 /* Sources */,
				E16DBEAB229676CB000B0721 /* Frameworks */,
				E16DBEAC229676CB000B0721 /* Resources */,
			);
			buildRules = (
			);
			dependencies = (
				E16DBEB4229676CC000B0721 /* PBXTargetDependency */,
			);
			name = TestPOCTests;
			productName = TestPOCTests;
			productReference = E16DBEAE229676CB000B0721 /* TestPOCTests.xctest */;
			productType = "com.apple.product-type.bundle.unit-test";
		};
		E1780481229595AE002DD7B4 /* TestPOC */ = {
			isa = PBXNativeTarget;
			buildConfigurationList = E1780494229595AF002DD7B4 /* Build configuration list for PBXNativeTarget "TestPOC" */;
			buildPhases = (
				06874E1ED29072AEA6776873 /* [CP] Check Pods Manifest.lock */,
				E178047E229595AE002DD7B4 /* Sources */,
				E178047F229595AE002DD7B4 /* Frameworks */,
				E1780480229595AE002DD7B4 /* Resources */,
				614732D0E82532ACDE4A7F09 /* [CP] Embed Pods Frameworks */,
			);
			buildRules = (
			);
			dependencies = (
			);
			name = TestPOC;
			productName = TestPOC;
			productReference = E1780482229595AE002DD7B4 /* TestPOC.app */;
			productType = "com.apple.product-type.application";
		};
/* End PBXNativeTarget section */

/* Begin PBXProject section */
		E178047A229595AE002DD7B4 /* Project object */ = {
			isa = PBXProject;
			attributes = {
				LastSwiftUpdateCheck = 1020;
				LastUpgradeCheck = 1020;
				ORGANIZATIONNAME = Praveen;
				TargetAttributes = {
					E16DBEAD229676CB000B0721 = {
						CreatedOnToolsVersion = 10.2.1;
						TestTargetID = E1780481229595AE002DD7B4;
					};
					E1780481229595AE002DD7B4 = {
						CreatedOnToolsVersion = 10.2;
					};
				};
			};
			buildConfigurationList = E178047D229595AE002DD7B4 /* Build configuration list for PBXProject "TestPOC" */;
			compatibilityVersion = "Xcode 9.3";
			developmentRegion = en;
			hasScannedForEncodings = 0;
			knownRegions = (
				en,
				Base,
			);
			mainGroup = E1780479229595AE002DD7B4;
			productRefGroup = E1780483229595AE002DD7B4 /* Products */;
			projectDirPath = "";
			projectRoot = "";
			targets = (
				E1780481229595AE002DD7B4 /* TestPOC */,
				E16DBEAD229676CB000B0721 /* TestPOCTests */,
			);
		};
/* End PBXProject section */

/* Begin PBXResourcesBuildPhase section */
		E16DBEAC229676CB000B0721 /* Resources */ = {
			isa = PBXResourcesBuildPhase;
			buildActionMask = 2147483647;
			files = (
			);
			runOnlyForDeploymentPostprocessing = 0;
		};
		E1780480229595AE002DD7B4 /* Resources */ = {
			isa = PBXResourcesBuildPhase;
			buildActionMask = 2147483647;
			files = (
				E1780490229595AF002DD7B4 /* LaunchScreen.storyboard in Resources */,
				E178048D229595AF002DD7B4 /* Assets.xcassets in Resources */,
				E178048B229595AE002DD7B4 /* Main.storyboard in Resources */,
			);
			runOnlyForDeploymentPostprocessing = 0;
		};
/* End PBXResourcesBuildPhase section */

/* Begin PBXShellScriptBuildPhase section */
		06874E1ED29072AEA6776873 /* [CP] Check Pods Manifest.lock */ = {
			isa = PBXShellScriptBuildPhase;
			buildActionMask = 2147483647;
			files = (
			);
			inputFileListPaths = (
			);
			inputPaths = (
				"${PODS_PODFILE_DIR_PATH}/Podfile.lock",
				"${PODS_ROOT}/Manifest.lock",
			);
			name = "[CP] Check Pods Manifest.lock";
			outputFileListPaths = (
			);
			outputPaths = (
				"$(DERIVED_FILE_DIR)/Pods-TestPOC-checkManifestLockResult.txt",
			);
			runOnlyForDeploymentPostprocessing = 0;
			shellPath = /bin/sh;
			shellScript = "diff \"${PODS_PODFILE_DIR_PATH}/Podfile.lock\" \"${PODS_ROOT}/Manifest.lock\" > /dev/null\nif [ $? != 0 ] ; then\n    # print error to STDERR\n    echo \"error: The sandbox is not in sync with the Podfile.lock. Run 'pod install' or update your CocoaPods installation.\" >&2\n    exit 1\nfi\n# This output is used by Xcode 'outputs' to avoid re-running this script phase.\necho \"SUCCESS\" > \"${SCRIPT_OUTPUT_FILE_0}\"\n";
			showEnvVarsInLog = 0;
		};
		614732D0E82532ACDE4A7F09 /* [CP] Embed Pods Frameworks */ = {
			isa = PBXShellScriptBuildPhase;
			buildActionMask = 2147483647;
			files = (
			);
			inputFileListPaths = (
			);
			inputPaths = (
				"${PODS_ROOT}/Target Support Files/Pods-TestPOC/Pods-TestPOC-frameworks.sh",
				"${BUILT_PRODUCTS_DIR}/Alamofire/Alamofire.framework",
				"${BUILT_PRODUCTS_DIR}/PKHUD/PKHUD.framework",
				"${BUILT_PRODUCTS_DIR}/SDWebImage/SDWebImage.framework",
			);
			name = "[CP] Embed Pods Frameworks";
			outputFileListPaths = (
			);
			outputPaths = (
				"${TARGET_BUILD_DIR}/${FRAMEWORKS_FOLDER_PATH}/Alamofire.framework",
				"${TARGET_BUILD_DIR}/${FRAMEWORKS_FOLDER_PATH}/PKHUD.framework",
				"${TARGET_BUILD_DIR}/${FRAMEWORKS_FOLDER_PATH}/SDWebImage.framework",
			);
			runOnlyForDeploymentPostprocessing = 0;
			shellPath = /bin/sh;
			shellScript = "\"${PODS_ROOT}/Target Support Files/Pods-TestPOC/Pods-TestPOC-frameworks.sh\"\n";
			showEnvVarsInLog = 0;
		};
/* End PBXShellScriptBuildPhase section */

/* Begin PBXSourcesBuildPhase section */
		E16DBEAA229676CB000B0721 /* Sources */ = {
			isa = PBXSourcesBuildPhase;
			buildActionMask = 2147483647;
			files = (
				E16DBEB1229676CB000B0721 /* TestPOCTests.swift in Sources */,
			);
			runOnlyForDeploymentPostprocessing = 0;
		};
		E178047E229595AE002DD7B4 /* Sources */ = {
			isa = PBXSourcesBuildPhase;
			buildActionMask = 2147483647;
			files = (
				E1780486229595AE002DD7B4 /* AppDelegate.swift in Sources */,
				E182EF6622959DB30015020F /* FactsViewController.swift in Sources */,
				E16DBEBD2296A19F000B0721 /* Reachability.swift in Sources */,
				E182EF6822959F370015020F /* FactsListTableViewCell.swift in Sources */,
				E182EF6B2295C8890015020F /* FactsDetailViewController.swift in Sources */,
				E16DBEBB229681F3000B0721 /* FactsList.swift in Sources */,
			);
			runOnlyForDeploymentPostprocessing = 0;
		};
/* End PBXSourcesBuildPhase section */

/* Begin PBXTargetDependency section */
		E16DBEB4229676CC000B0721 /* PBXTargetDependency */ = {
			isa = PBXTargetDependency;
			target = E1780481229595AE002DD7B4 /* TestPOC */;
			targetProxy = E16DBEB3229676CC000B0721 /* PBXContainerItemProxy */;
		};
/* End PBXTargetDependency section */

/* Begin PBXVariantGroup section */
		E1780489229595AE002DD7B4 /* Main.storyboard */ = {
			isa = PBXVariantGroup;
			children = (
				E178048A229595AE002DD7B4 /* Base */,
			);
			name = Main.storyboard;
			sourceTree = "<group>";
		};
		E178048E229595AF002DD7B4 /* LaunchScreen.storyboard */ = {
			isa = PBXVariantGroup;
			children = (
				E178048F229595AF002DD7B4 /* Base */,
			);
			name = LaunchScreen.storyboard;
			sourceTree = "<group>";
		};
/* End PBXVariantGroup section */

/* Begin XCBuildConfiguration section */
		E16DBEB6229676CC000B0721 /* Debug */ = {
			isa = XCBuildConfiguration;
			buildSettings = {
				BUNDLE_LOADER = "$(TEST_HOST)";
				CODE_SIGN_STYLE = Automatic;
				INFOPLIST_FILE = TestPOCTests/Info.plist;
				LD_RUNPATH_SEARCH_PATHS = (
					"$(inherited)",
					"@executable_path/Frameworks",
					"@loader_path/Frameworks",
				);
				PRODUCT_BUNDLE_IDENTIFIER = Test.TestPOCTests;
				PRODUCT_NAME = "$(TARGET_NAME)";
				SWIFT_VERSION = 5.0;
				TARGETED_DEVICE_FAMILY = "1,2";
				TEST_HOST = "$(BUILT_PRODUCTS_DIR)/TestPOC.app/TestPOC";
			};
			name = Debug;
		};
		E16DBEB7229676CC000B0721 /* Release */ = {
			isa = XCBuildConfiguration;
			buildSettings = {
				BUNDLE_LOADER = "$(TEST_HOST)";
				CODE_SIGN_STYLE = Automatic;
				INFOPLIST_FILE = TestPOCTests/Info.plist;
				LD_RUNPATH_SEARCH_PATHS = (
					"$(inherited)",
					"@executable_path/Frameworks",
					"@loader_path/Frameworks",
				);
				PRODUCT_BUNDLE_IDENTIFIER = Test.TestPOCTests;
				PRODUCT_NAME = "$(TARGET_NAME)";
				SWIFT_VERSION = 5.0;
				TARGETED_DEVICE_FAMILY = "1,2";
				TEST_HOST = "$(BUILT_PRODUCTS_DIR)/TestPOC.app/TestPOC";
			};
			name = Release;
		};
		E1780492229595AF002DD7B4 /* Debug */ = {
			isa = XCBuildConfiguration;
			buildSettings = {
				ALWAYS_SEARCH_USER_PATHS = NO;
				CLANG_ANALYZER_NONNULL = YES;
				CLANG_ANALYZER_NUMBER_OBJECT_CONVERSION = YES_AGGRESSIVE;
				CLANG_CXX_LANGUAGE_STANDARD = "gnu++14";
				CLANG_CXX_LIBRARY = "libc++";
				CLANG_ENABLE_MODULES = YES;
				CLANG_ENABLE_OBJC_ARC = YES;
				CLANG_ENABLE_OBJC_WEAK = YES;
				CLANG_WARN_BLOCK_CAPTURE_AUTORELEASING = YES;
				CLANG_WARN_BOOL_CONVERSION = YES;
				CLANG_WARN_COMMA = YES;
				CLANG_WARN_CONSTANT_CONVERSION = YES;
				CLANG_WARN_DEPRECATED_OBJC_IMPLEMENTATIONS = YES;
				CLANG_WARN_DIRECT_OBJC_ISA_USAGE = YES_ERROR;
				CLANG_WARN_DOCUMENTATION_COMMENTS = YES;
				CLANG_WARN_EMPTY_BODY = YES;
				CLANG_WARN_ENUM_CONVERSION = YES;
				CLANG_WARN_INFINITE_RECURSION = YES;
				CLANG_WARN_INT_CONVERSION = YES;
				CLANG_WARN_NON_LITERAL_NULL_CONVERSION = YES;
				CLANG_WARN_OBJC_IMPLICIT_RETAIN_SELF = YES;
				CLANG_WARN_OBJC_LITERAL_CONVERSION = YES;
				CLANG_WARN_OBJC_ROOT_CLASS = YES_ERROR;
				CLANG_WARN_RANGE_LOOP_ANALYSIS = YES;
				CLANG_WARN_STRICT_PROTOTYPES = YES;
				CLANG_WARN_SUSPICIOUS_MOVE = YES;
				CLANG_WARN_UNGUARDED_AVAILABILITY = YES_AGGRESSIVE;
				CLANG_WARN_UNREACHABLE_CODE = YES;
				CLANG_WARN__DUPLICATE_METHOD_MATCH = YES;
				CODE_SIGN_IDENTITY = "iPhone Developer";
				COPY_PHASE_STRIP = NO;
				DEBUG_INFORMATION_FORMAT = dwarf;
				ENABLE_STRICT_OBJC_MSGSEND = YES;
				ENABLE_TESTABILITY = YES;
				GCC_C_LANGUAGE_STANDARD = gnu11;
				GCC_DYNAMIC_NO_PIC = NO;
				GCC_NO_COMMON_BLOCKS = YES;
				GCC_OPTIMIZATION_LEVEL = 0;
				GCC_PREPROCESSOR_DEFINITIONS = (
					"DEBUG=1",
					"$(inherited)",
				);
				GCC_WARN_64_TO_32_BIT_CONVERSION = YES;
				GCC_WARN_ABOUT_RETURN_TYPE = YES_ERROR;
				GCC_WARN_UNDECLARED_SELECTOR = YES;
				GCC_WARN_UNINITIALIZED_AUTOS = YES_AGGRESSIVE;
				GCC_WARN_UNUSED_FUNCTION = YES;
				GCC_WARN_UNUSED_VARIABLE = YES;
				IPHONEOS_DEPLOYMENT_TARGET = 12.2;
				MTL_ENABLE_DEBUG_INFO = INCLUDE_SOURCE;
				MTL_FAST_MATH = YES;
				ONLY_ACTIVE_ARCH = YES;
				SDKROOT = iphoneos;
				SWIFT_ACTIVE_COMPILATION_CONDITIONS = DEBUG;
				SWIFT_OPTIMIZATION_LEVEL = "-Onone";
			};
			name = Debug;
		};
		E1780493229595AF002DD7B4 /* Release */ = {
			isa = XCBuildConfiguration;
			buildSettings = {
				ALWAYS_SEARCH_USER_PATHS = NO;
				CLANG_ANALYZER_NONNULL = YES;
				CLANG_ANALYZER_NUMBER_OBJECT_CONVERSION = YES_AGGRESSIVE;
				CLANG_CXX_LANGUAGE_STANDARD = "gnu++14";
				CLANG_CXX_LIBRARY = "libc++";
				CLANG_ENABLE_MODULES = YES;
				CLANG_ENABLE_OBJC_ARC = YES;
				CLANG_ENABLE_OBJC_WEAK = YES;
				CLANG_WARN_BLOCK_CAPTURE_AUTORELEASING = YES;
				CLANG_WARN_BOOL_CONVERSION = YES;
				CLANG_WARN_COMMA = YES;
				CLANG_WARN_CONSTANT_CONVERSION = YES;
				CLANG_WARN_DEPRECATED_OBJC_IMPLEMENTATIONS = YES;
				CLANG_WARN_DIRECT_OBJC_ISA_USAGE = YES_ERROR;
				CLANG_WARN_DOCUMENTATION_COMMENTS = YES;
				CLANG_WARN_EMPTY_BODY = YES;
				CLANG_WARN_ENUM_CONVERSION = YES;
				CLANG_WARN_INFINITE_RECURSION = YES;
				CLANG_WARN_INT_CONVERSION = YES;
				CLANG_WARN_NON_LITERAL_NULL_CONVERSION = YES;
				CLANG_WARN_OBJC_IMPLICIT_RETAIN_SELF = YES;
				CLANG_WARN_OBJC_LITERAL_CONVERSION = YES;
				CLANG_WARN_OBJC_ROOT_CLASS = YES_ERROR;
				CLANG_WARN_RANGE_LOOP_ANALYSIS = YES;
				CLANG_WARN_STRICT_PROTOTYPES = YES;
				CLANG_WARN_SUSPICIOUS_MOVE = YES;
				CLANG_WARN_UNGUARDED_AVAILABILITY = YES_AGGRESSIVE;
				CLANG_WARN_UNREACHABLE_CODE = YES;
				CLANG_WARN__DUPLICATE_METHOD_MATCH = YES;
				CODE_SIGN_IDENTITY = "iPhone Developer";
				COPY_PHASE_STRIP = NO;
				DEBUG_INFORMATION_FORMAT = "dwarf-with-dsym";
				ENABLE_NS_ASSERTIONS = NO;
				ENABLE_STRICT_OBJC_MSGSEND = YES;
				GCC_C_LANGUAGE_STANDARD = gnu11;
				GCC_NO_COMMON_BLOCKS = YES;
				GCC_WARN_64_TO_32_BIT_CONVERSION = YES;
				GCC_WARN_ABOUT_RETURN_TYPE = YES_ERROR;
				GCC_WARN_UNDECLARED_SELECTOR = YES;
				GCC_WARN_UNINITIALIZED_AUTOS = YES_AGGRESSIVE;
				GCC_WARN_UNUSED_FUNCTION = YES;
				GCC_WARN_UNUSED_VARIABLE = YES;
				IPHONEOS_DEPLOYMENT_TARGET = 12.2;
				MTL_ENABLE_DEBUG_INFO = NO;
				MTL_FAST_MATH = YES;
				SDKROOT = iphoneos;
				SWIFT_COMPILATION_MODE = wholemodule;
				SWIFT_OPTIMIZATION_LEVEL = "-O";
				VALIDATE_PRODUCT = YES;
			};
			name = Release;
		};
		E1780495229595AF002DD7B4 /* Debug */ = {
			isa = XCBuildConfiguration;
			baseConfigurationReference = 636DF60B7A508E3E904C9A8A /* Pods-TestPOC.debug.xcconfig */;
			buildSettings = {
				ASSETCATALOG_COMPILER_APPICON_NAME = AppIcon;
				CODE_SIGN_STYLE = Automatic;
				INFOPLIST_FILE = TestPOC/Info.plist;
				LD_RUNPATH_SEARCH_PATHS = (
					"$(inherited)",
					"@executable_path/Frameworks",
				);
				PRODUCT_BUNDLE_IDENTIFIER = Test.TestPOC;
				PRODUCT_NAME = "$(TARGET_NAME)";
				SWIFT_VERSION = 5.0;
				TARGETED_DEVICE_FAMILY = "1,2";
			};
			name = Debug;
		};
		E1780496229595AF002DD7B4 /* Release */ = {
			isa = XCBuildConfiguration;
			baseConfigurationReference = C95F2AF4C57B93551415C4C7 /* Pods-TestPOC.release.xcconfig */;
			buildSettings = {
				ASSETCATALOG_COMPILER_APPICON_NAME = AppIcon;
				CODE_SIGN_STYLE = Automatic;
				INFOPLIST_FILE = TestPOC/Info.plist;
				LD_RUNPATH_SEARCH_PATHS = (
					"$(inherited)",
					"@executable_path/Frameworks",
				);
				PRODUCT_BUNDLE_IDENTIFIER = Test.TestPOC;
				PRODUCT_NAME = "$(TARGET_NAME)";
				SWIFT_VERSION = 5.0;
				TARGETED_DEVICE_FAMILY = "1,2";
			};
			name = Release;
		};
/* End XCBuildConfiguration section */

/* Begin XCConfigurationList section */
		E16DBEB5229676CC000B0721 /* Build configuration list for PBXNativeTarget "TestPOCTests" */ = {
			isa = XCConfigurationList;
			buildConfigurations = (
				E16DBEB6229676CC000B0721 /* Debug */,
				E16DBEB7229676CC000B0721 /* Release */,
			);
			defaultConfigurationIsVisible = 0;
			defaultConfigurationName = Release;
		};
		E178047D229595AE002DD7B4 /* Build configuration list for PBXProject "TestPOC" */ = {
			isa = XCConfigurationList;
			buildConfigurations = (
				E1780492229595AF002DD7B4 /* Debug */,
				E1780493229595AF002DD7B4 /* Release */,
			);
			defaultConfigurationIsVisible = 0;
			defaultConfigurationName = Release;
		};
		E1780494229595AF002DD7B4 /* Build configuration list for PBXNativeTarget "TestPOC" */ = {
			isa = XCConfigurationList;
			buildConfigurations = (
				E1780495229595AF002DD7B4 /* Debug */,
				E1780496229595AF002DD7B4 /* Release */,
			);
			defaultConfigurationIsVisible = 0;
			defaultConfigurationName = Release;
		};
/* End XCConfigurationList section */
	};
	rootObject = E178047A229595AE002DD7B4 /* Project object */;
}
